
Microsoft Visual Studio Solution File, Format Version 12.00
# Visual Studio 15
VisualStudioVersion = 15.0.27004.2005
MinimumVisualStudioVersion = 10.0.40219.1
Project("{FAE04EC0-301F-11D3-BF4B-00C04F79EFBC}") = "Xls_Trans_Tool_Wpf", "Xls_Trans_Tool_Wpf\Xls_Trans_Tool_Wpf.csproj", "{B3B49DE4-1DB6-4EED-AA59-143333201BEF}"
EndProject
Global
	GlobalSection(SolutionConfigurationPlatforms) = preSolution
		Debug|Any CPU = Debug|Any CPU
		Release|Any CPU = Release|Any CPU
	EndGlobalSection
	GlobalSection(ProjectConfigurationPlatforms) = postSolution
		{B3B49DE4-1DB6-4EED-AA59-143333201BEF}.Debug|Any CPU.ActiveCfg = Debug|Any CPU
		{B3B49DE4-1DB6-4EED-AA59-143333201BEF}.Debug|Any CPU.Build.0 = Debug|Any CPU
		{B3B49DE4-1DB6-4EED-AA59-143333201BEF}.Release|Any CPU.ActiveCfg = Release|Any CPU
		{B3B49DE4-1DB6-4EED-AA59-143333201BEF}.Release|Any CPU.Build.0 = Release|Any CPU
	EndGlobalSection
	GlobalSection(SolutionProperties) = preSolution
		HideSolutionNode = FALSE
	EndGlobalSection
	GlobalSection(ExtensibilityGlobals) = postSolution
		SolutionGuid = {AC71B6A1-848B-4142-B7D8-71E3439DFF0D}
	EndGlobalSection
EndGlobal
